
Microsoft Visual Studio Solution File, Format Version 12.00
# Visual Studio Version 17
VisualStudioVersion = 17.5.002.0
MinimumVisualStudioVersion = 10.0.40219.1
Project("{9A19103F-16F7-4668-BE54-9A1E7A4F7556}") = "networksPOC", "networksPOC.csproj", "{FFCA5D2A-EF9D-4595-90BE-C333A0A4645D}"
EndProject
Global
	GlobalSection(SolutionConfigurationPlatforms) = preSolution
		Debug|Any CPU = Debug|Any CPU
		Release|Any CPU = Release|Any CPU
	EndGlobalSection
	GlobalSection(ProjectConfigurationPlatforms) = postSolution
		{FFCA5D2A-EF9D-4595-90BE-C333A0A4645D}.Debug|Any CPU.ActiveCfg = Debug|Any CPU
		{FFCA5D2A-EF9D-4595-90BE-C333A0A4645D}.Debug|Any CPU.Build.0 = Debug|Any CPU
		{FFCA5D2A-EF9D-4595-90BE-C333A0A4645D}.Release|Any CPU.ActiveCfg = Release|Any CPU
		{FFCA5D2A-EF9D-4595-90BE-C333A0A4645D}.Release|Any CPU.Build.0 = Release|Any CPU
	EndGlobalSection
	GlobalSection(SolutionProperties) = preSolution
		HideSolutionNode = FALSE
	EndGlobalSection
	GlobalSection(ExtensibilityGlobals) = postSolution
		SolutionGuid = {35BD1E22-CE5F-4BB1-8CF7-7470D07D70D2}
	EndGlobalSection
EndGlobal
